# Generated by pub
# See http://pub.dartlang.org/doc/glossary.html#lockfile
packages:
  cipher:
    description: cipher
    source: hosted
    version: "0.3.1"
  crypto:
    description: crypto
    source: hosted
    version: "0.9.0"
  fixnum:
    description: fixnum
    source: hosted
    version: "0.8.7"
  logging:
    description: logging
    source: hosted
    version: "0.9.0"
  options_file:
    description: options_file
    source: hosted
    version: "0.10.0"
  path:
    description: path
    source: hosted
    version: "0.9.0"
  sqljocky:
    description: sqljocky
    source: hosted
    version: "0.9.0"
  stack_trace:
    description: stack_trace
    source: hosted
    version: "0.9.0"
  unittest:
    description: unittest
    source: hosted
    version: "0.9.0"
  unmodifiable_collection:
    description: unmodifiable_collection
    source: hosted
    version: "0.9.0"
  utf:
    description: utf
    source: hosted
    version: "0.9.0"
  uuid:
    description: uuid
    source: hosted
    version: "0.2.1"
